
Microsoft Visual Studio Solution File, Format Version 12.00
# Visual Studio Version 16
VisualStudioVersion = 16.0.30104.148
MinimumVisualStudioVersion = 10.0.40219.1
Project("{FAE04EC0-301F-11D3-BF4B-00C04F79EFBC}") = "TTNReceiver.API", "TTNReceiver.API\TTNReceiver.API.csproj", "{5AD1646A-7682-49D8-8A24-46C341CF1FF8}"
EndProject
Project("{FAE04EC0-301F-11D3-BF4B-00C04F79EFBC}") = "TTNReceiver.Core", "TTNReceiver.Core\TTNReceiver.Core.csproj", "{448B7BAE-35CA-400A-815B-393415995BD0}"
EndProject
Project("{FAE04EC0-301F-11D3-BF4B-00C04F79EFBC}") = "TTNReceiver.Data", "TTNReceiver.Data\TTNReceiver.Data.csproj", "{0D1CAEB3-7988-4CC0-ADC3-8C3030289713}"
EndProject
Project("{00D1A9C2-B5F0-4AF3-8072-F6C62B433612}") = "TTNReceiver.Database", "TTNReceiver.Database\TTNReceiver.Database.sqlproj", "{BB1775E7-5614-459F-857E-54003FAF7F28}"
EndProject
Project("{FAE04EC0-301F-11D3-BF4B-00C04F79EFBC}") = "TTNReceiver.Converter", "TTNReceiver.Converter\TTNReceiver.Converter.csproj", "{E19C9929-4C8F-467F-BCDD-5E9FA5C58B87}"
EndProject
Global
	GlobalSection(SolutionConfigurationPlatforms) = preSolution
		Debug|Any CPU = Debug|Any CPU
		Release|Any CPU = Release|Any CPU
	EndGlobalSection
	GlobalSection(ProjectConfigurationPlatforms) = postSolution
		{5AD1646A-7682-49D8-8A24-46C341CF1FF8}.Debug|Any CPU.ActiveCfg = Debug|Any CPU
		{5AD1646A-7682-49D8-8A24-46C341CF1FF8}.Debug|Any CPU.Build.0 = Debug|Any CPU
		{5AD1646A-7682-49D8-8A24-46C341CF1FF8}.Release|Any CPU.ActiveCfg = Release|Any CPU
		{5AD1646A-7682-49D8-8A24-46C341CF1FF8}.Release|Any CPU.Build.0 = Release|Any CPU
		{448B7BAE-35CA-400A-815B-393415995BD0}.Debug|Any CPU.ActiveCfg = Debug|Any CPU
		{448B7BAE-35CA-400A-815B-393415995BD0}.Debug|Any CPU.Build.0 = Debug|Any CPU
		{448B7BAE-35CA-400A-815B-393415995BD0}.Release|Any CPU.ActiveCfg = Release|Any CPU
		{448B7BAE-35CA-400A-815B-393415995BD0}.Release|Any CPU.Build.0 = Release|Any CPU
		{0D1CAEB3-7988-4CC0-ADC3-8C3030289713}.Debug|Any CPU.ActiveCfg = Debug|Any CPU
		{0D1CAEB3-7988-4CC0-ADC3-8C3030289713}.Debug|Any CPU.Build.0 = Debug|Any CPU
		{0D1CAEB3-7988-4CC0-ADC3-8C3030289713}.Release|Any CPU.ActiveCfg = Release|Any CPU
		{0D1CAEB3-7988-4CC0-ADC3-8C3030289713}.Release|Any CPU.Build.0 = Release|Any CPU
		{BB1775E7-5614-459F-857E-54003FAF7F28}.Debug|Any CPU.ActiveCfg = Debug|Any CPU
		{BB1775E7-5614-459F-857E-54003FAF7F28}.Debug|Any CPU.Build.0 = Debug|Any CPU
		{BB1775E7-5614-459F-857E-54003FAF7F28}.Debug|Any CPU.Deploy.0 = Debug|Any CPU
		{BB1775E7-5614-459F-857E-54003FAF7F28}.Release|Any CPU.ActiveCfg = Release|Any CPU
		{BB1775E7-5614-459F-857E-54003FAF7F28}.Release|Any CPU.Build.0 = Release|Any CPU
		{BB1775E7-5614-459F-857E-54003FAF7F28}.Release|Any CPU.Deploy.0 = Release|Any CPU
		{E19C9929-4C8F-467F-BCDD-5E9FA5C58B87}.Debug|Any CPU.ActiveCfg = Debug|Any CPU
		{E19C9929-4C8F-467F-BCDD-5E9FA5C58B87}.Debug|Any CPU.Build.0 = Debug|Any CPU
		{E19C9929-4C8F-467F-BCDD-5E9FA5C58B87}.Release|Any CPU.ActiveCfg = Release|Any CPU
		{E19C9929-4C8F-467F-BCDD-5E9FA5C58B87}.Release|Any CPU.Build.0 = Release|Any CPU
	EndGlobalSection
	GlobalSection(SolutionProperties) = preSolution
		HideSolutionNode = FALSE
	EndGlobalSection
	GlobalSection(ExtensibilityGlobals) = postSolution
		SolutionGuid = {9A5F2E9F-7C25-4059-9697-59B23513706B}
	EndGlobalSection
EndGlobal
